{
  "version": 4,
  "terraform_version": "1.9.8",
  "serial": 85,
  "lineage": "00a6e95f-753a-2059-c9bc-1207d796ac0c",
  "outputs": {
    "ec2_public_ip": {
      "value": {
        "ami": "ami-01e3c4a339a264cc9",
        "arn": "arn:aws:ec2:us-east-1:011528256520:instance/i-08c7ad65f3d427853",
        "associate_public_ip_address": true,
        "availability_zone": "us-east-1a",
        "capacity_reservation_specification": [
          {
            "capacity_reservation_preference": "open",
            "capacity_reservation_target": []
          }
        ],
        "cpu_core_count": 1,
        "cpu_options": [
          {
            "amd_sev_snp": "",
            "core_count": 1,
            "threads_per_core": 1
          }
        ],
        "cpu_threads_per_core": 1,
        "credit_specification": [
          {
            "cpu_credits": "standard"
          }
        ],
        "disable_api_stop": false,
        "disable_api_termination": false,
        "ebs_block_device": [],
        "ebs_optimized": false,
        "enclave_options": [
          {
            "enabled": false
          }
        ],
        "ephemeral_block_device": [],
        "get_password_data": false,
        "hibernation": false,
        "host_id": "",
        "host_resource_group_arn": null,
        "iam_instance_profile": "",
        "id": "i-08c7ad65f3d427853",
        "instance_initiated_shutdown_behavior": "stop",
        "instance_lifecycle": "",
        "instance_market_options": [],
        "instance_state": "running",
        "instance_type": "t2.micro",
        "ipv6_address_count": 0,
        "ipv6_addresses": [],
        "key_name": "VEXPENSES-Rodrigo_Ascencao-key",
        "launch_template": [],
        "maintenance_options": [
          {
            "auto_recovery": "default"
          }
        ],
        "metadata_options": [
          {
            "http_endpoint": "enabled",
            "http_protocol_ipv6": "disabled",
            "http_put_response_hop_limit": 1,
            "http_tokens": "optional",
            "instance_metadata_tags": "disabled"
          }
        ],
        "monitoring": false,
        "network_interface": [],
        "outpost_arn": "",
        "password_data": "",
        "placement_group": "",
        "placement_partition_number": 0,
        "primary_network_interface_id": "eni-0ad26471a64bb4365",
        "private_dns": "ip-10-0-1-216.ec2.internal",
        "private_dns_name_options": [
          {
            "enable_resource_name_dns_a_record": false,
            "enable_resource_name_dns_aaaa_record": false,
            "hostname_type": "ip-name"
          }
        ],
        "private_ip": "10.0.1.216",
        "public_dns": "ec2-54-210-80-109.compute-1.amazonaws.com",
        "public_ip": "54.210.80.109",
        "root_block_device": [
          {
            "delete_on_termination": true,
            "device_name": "/dev/xvda",
            "encrypted": false,
            "iops": 100,
            "kms_key_id": "",
            "tags": null,
            "tags_all": {},
            "throughput": 0,
            "volume_id": "vol-00ffe9e2140416c5a",
            "volume_size": 20,
            "volume_type": "gp2"
          }
        ],
        "secondary_private_ips": [],
        "security_groups": [
          "sg-08fb46ee566380c44"
        ],
        "source_dest_check": true,
        "spot_instance_request_id": "",
        "subnet_id": "subnet-079e093796cfcd668",
        "tags": {
          "Name": "VEXPENSES-Rodrigo_Ascencao-ec2"
        },
        "tags_all": {
          "Name": "VEXPENSES-Rodrigo_Ascencao-ec2"
        },
        "tenancy": "default",
        "timeouts": null,
        "user_data": "e833efdbb232f77ad8e556212021d4e19c373d33",
        "user_data_base64": null,
        "user_data_replace_on_change": false,
        "volume_tags": null,
        "vpc_security_group_ids": [
          "sg-08fb46ee566380c44"
        ]
      },
      "type": [
        "object",
        {
          "ami": "string",
          "arn": "string",
          "associate_public_ip_address": "bool",
          "availability_zone": "string",
          "capacity_reservation_specification": [
            "list",
            [
              "object",
              {
                "capacity_reservation_preference": "string",
                "capacity_reservation_target": [
                  "list",
                  [
                    "object",
                    {
                      "capacity_reservation_id": "string",
                      "capacity_reservation_resource_group_arn": "string"
                    }
                  ]
                ]
              }
            ]
          ],
          "cpu_core_count": "number",
          "cpu_options": [
            "list",
            [
              "object",
              {
                "amd_sev_snp": "string",
                "core_count": "number",
                "threads_per_core": "number"
              }
            ]
          ],
          "cpu_threads_per_core": "number",
          "credit_specification": [
            "list",
            [
              "object",
              {
                "cpu_credits": "string"
              }
            ]
          ],
          "disable_api_stop": "bool",
          "disable_api_termination": "bool",
          "ebs_block_device": [
            "set",
            [
              "object",
              {
                "delete_on_termination": "bool",
                "device_name": "string",
                "encrypted": "bool",
                "iops": "number",
                "kms_key_id": "string",
                "snapshot_id": "string",
                "tags": [
                  "map",
                  "string"
                ],
                "tags_all": [
                  "map",
                  "string"
                ],
                "throughput": "number",
                "volume_id": "string",
                "volume_size": "number",
                "volume_type": "string"
              }
            ]
          ],
          "ebs_optimized": "bool",
          "enclave_options": [
            "list",
            [
              "object",
              {
                "enabled": "bool"
              }
            ]
          ],
          "ephemeral_block_device": [
            "set",
            [
              "object",
              {
                "device_name": "string",
                "no_device": "bool",
                "virtual_name": "string"
              }
            ]
          ],
          "get_password_data": "bool",
          "hibernation": "bool",
          "host_id": "string",
          "host_resource_group_arn": "string",
          "iam_instance_profile": "string",
          "id": "string",
          "instance_initiated_shutdown_behavior": "string",
          "instance_lifecycle": "string",
          "instance_market_options": [
            "list",
            [
              "object",
              {
                "market_type": "string",
                "spot_options": [
                  "list",
                  [
                    "object",
                    {
                      "instance_interruption_behavior": "string",
                      "max_price": "string",
                      "spot_instance_type": "string",
                      "valid_until": "string"
                    }
                  ]
                ]
              }
            ]
          ],
          "instance_state": "string",
          "instance_type": "string",
          "ipv6_address_count": "number",
          "ipv6_addresses": [
            "list",
            "string"
          ],
          "key_name": "string",
          "launch_template": [
            "list",
            [
              "object",
              {
                "id": "string",
                "name": "string",
                "version": "string"
              }
            ]
          ],
          "maintenance_options": [
            "list",
            [
              "object",
              {
                "auto_recovery": "string"
              }
            ]
          ],
          "metadata_options": [
            "list",
            [
              "object",
              {
                "http_endpoint": "string",
                "http_protocol_ipv6": "string",
                "http_put_response_hop_limit": "number",
                "http_tokens": "string",
                "instance_metadata_tags": "string"
              }
            ]
          ],
          "monitoring": "bool",
          "network_interface": [
            "set",
            [
              "object",
              {
                "delete_on_termination": "bool",
                "device_index": "number",
                "network_card_index": "number",
                "network_interface_id": "string"
              }
            ]
          ],
          "outpost_arn": "string",
          "password_data": "string",
          "placement_group": "string",
          "placement_partition_number": "number",
          "primary_network_interface_id": "string",
          "private_dns": "string",
          "private_dns_name_options": [
            "list",
            [
              "object",
              {
                "enable_resource_name_dns_a_record": "bool",
                "enable_resource_name_dns_aaaa_record": "bool",
                "hostname_type": "string"
              }
            ]
          ],
          "private_ip": "string",
          "public_dns": "string",
          "public_ip": "string",
          "root_block_device": [
            "list",
            [
              "object",
              {
                "delete_on_termination": "bool",
                "device_name": "string",
                "encrypted": "bool",
                "iops": "number",
                "kms_key_id": "string",
                "tags": [
                  "map",
                  "string"
                ],
                "tags_all": [
                  "map",
                  "string"
                ],
                "throughput": "number",
                "volume_id": "string",
                "volume_size": "number",
                "volume_type": "string"
              }
            ]
          ],
          "secondary_private_ips": [
            "set",
            "string"
          ],
          "security_groups": [
            "set",
            "string"
          ],
          "source_dest_check": "bool",
          "spot_instance_request_id": "string",
          "subnet_id": "string",
          "tags": [
            "map",
            "string"
          ],
          "tags_all": [
            "map",
            "string"
          ],
          "tenancy": "string",
          "timeouts": [
            "object",
            {
              "create": "string",
              "delete": "string",
              "read": "string",
              "update": "string"
            }
          ],
          "user_data": "string",
          "user_data_base64": "string",
          "user_data_replace_on_change": "bool",
          "volume_tags": [
            "map",
            "string"
          ],
          "vpc_security_group_ids": [
            "set",
            "string"
          ]
        }
      ]
    },
    "private_key": {
      "value": "-----BEGIN RSA PRIVATE KEY-----\nMIIEpQIBAAKCAQEA2MtPyhirCf9X0lDVgOrnJoApfRqErHLCNDEAtjAod5kniG3t\n3/5QpbE39UZZszoScRiYS6aTKgG5HMr4Jggz+vaxBR8mDTOtaUA2JbgfhbE9g06P\nRX3p5gOxMGreoRvuAbiRlW3KPNVCnAExBi95fqszfE8Ic3rRCoqwN2YGQGIts/07\nlGOapJZNMrClw0JhEFgN2r8cbZS8w+W4IVBvQln2+0eFA/GJR00h6mF2RW6+L2gM\ndWSIKnd/i2QVrYKfMO17tkTg0237qOHACNmCTshPC/QSuhvhlx8oe5zB8FbxPL8G\nTESm9AH10RUGyWLoCJmCY05zrnNm4c6rIehB4wIDAQABAoIBAQCMZ0AJluhO1Tw/\nTXK4x2lkmeREzYPXW4tC2emoFJBgxKPBy9AfHUmFxbyD8Ufut1FyRYd8lykAL5V/\nfEQx/WYMxu/mbUHrkuhgHeHzk8d2gk9gVuSbEO0GtqVuwgflN31xR+OhbzVnKIa3\nGl5xrxV0X9Q8UcMbZxMzTJbLihvKXZomC91aZ3NZGw4AR6TNcBoDr/wlo3r8gEyF\nGa8lYWdIuvu4lQBfipZhQrA0ek9mpgZrm+IEmK3el0rvqgm8Z0wuo/aT439rK7YN\n8niDRsLhGPwf7QXgkJWcgJ9rgcBBrIkdQu/3nnJiLgpHTeSBDqlP2gJEvgnsNbGb\nuENruh8hAoGBAOg+l+zstoFLGdOFuWku2r6KgTVBhPGhaizMETeGugbg1ajIN4ve\nesjENqsHES3LNNtKS1crYVnONSua39g/IOPE/FDzBJc5qqbzdNgCObFwKsl2aYpF\ni3didRt7M9MgQXGyDwxVC6nHHzQwBFjVU8yNEz42oELo5UFBVUoRuO4FAoGBAO74\nJWCRHRS2ym52C5emAuNsOsbO1lSVbcuM9pEQON4aPDbrq2L1lIkxONvuqWeqnTTK\n5cN/Ero5AQ7fkwVMsh25GIh+JFqX4u2uWnWWDqMm34wLXXqlTsd+ed8vi3uK7zGO\nVIH432vo0vN9QuL9CfRJcXT9IFzDh++HLcxBMwzHAoGAdyH0qPJcREKUAu8rxwrj\n5q4BzaHIYnKcllIv2r3fmzumHihmZfdAINCWAnFjnIwKlxqrPxHfpEOk/rM5dCId\n6vjXPWcLyc8o/O8R1uR9V8nkCOgXB3jZK+pzjB9M3FZFe98M3RSbIQIlvY2MDU2Q\n6PLNFjLLTsdNIoYzDAW/SUkCgYEAicxfyUqEiXBKVN4PGzhoi/nZ/tBAuW+da3Xy\nrH29PR3FwSmun5bbOy0+C1yZJSU2F740NcIt62J5oLj9j13Fi+wzIGoUzoStH7+d\nfBa2hBAjch8PnWx7fAALiM5i0S+xdFMNmhEHzLLqCeweSMP/HHXJTdu08Kjz1wSN\nPS4PoPsCgYEA2g7Yd0gS5WuJTdg3MPQXmPYp43s+/qt6XpRO7cpJZLeXrvbFUEM+\nkqJYadNPRfeqqPbsmoPdx3eOoHAR8NFlARe9/qzH946lN4XWSCRxSaF3E7zGYO32\nHF7ZKuBjJl/DwAxlFv0/mPUvU+UZ3W8nliAOkYXyOxdIms5rHmcNIhg=\n-----END RSA PRIVATE KEY-----\n",
      "type": "string",
      "sensitive": true
    }
  },
  "resources": [
    {
      "mode": "data",
      "type": "aws_ami",
      "name": "amazon_linux",
      "provider": "provider[\"registry.terraform.io/hashicorp/aws\"]",
      "instances": [
        {
          "schema_version": 0,
          "attributes": {
            "architecture": "x86_64",
            "arn": "arn:aws:ec2:us-east-1::image/ami-01e3c4a339a264cc9",
            "block_device_mappings": [
              {
                "device_name": "/dev/xvda",
                "ebs": {
                  "delete_on_termination": "true",
                  "encrypted": "false",
                  "iops": "0",
                  "snapshot_id": "snap-0ac4a546f96ede3c2",
                  "throughput": "0",
                  "volume_size": "8",
                  "volume_type": "gp2"
                },
                "no_device": "",
                "virtual_name": ""
              }
            ],
            "boot_mode": "",
            "creation_date": "2024-10-14T21:50:55.000Z",
            "deprecation_time": "2025-07-01T00:00:00.000Z",
            "description": "Amazon Linux 2 AMI 2.0.20241014.0 x86_64 HVM gp2",
            "ena_support": true,
            "executable_users": null,
            "filter": [
              {
                "name": "name",
                "values": [
                  "amzn2-ami-hvm-*-x86_64-gp2"
                ]
              }
            ],
            "hypervisor": "xen",
            "id": "ami-01e3c4a339a264cc9",
            "image_id": "ami-01e3c4a339a264cc9",
            "image_location": "amazon/amzn2-ami-hvm-2.0.20241014.0-x86_64-gp2",
            "image_owner_alias": "amazon",
            "image_type": "machine",
            "imds_support": "",
            "include_deprecated": false,
            "kernel_id": "",
            "most_recent": true,
            "name": "amzn2-ami-hvm-2.0.20241014.0-x86_64-gp2",
            "name_regex": null,
            "owner_id": "137112412989",
            "owners": [
              "137112412989"
            ],
            "platform": "",
            "platform_details": "Linux/UNIX",
            "product_codes": [],
            "public": true,
            "ramdisk_id": "",
            "root_device_name": "/dev/xvda",
            "root_device_type": "ebs",
            "root_snapshot_id": "snap-0ac4a546f96ede3c2",
            "sriov_net_support": "simple",
            "state": "available",
            "state_reason": {
              "code": "UNSET",
              "message": "UNSET"
            },
            "tags": {},
            "timeouts": null,
            "tpm_support": "",
            "usage_operation": "RunInstances",
            "virtualization_type": "hvm"
          },
          "sensitive_attributes": []
        }
      ]
    },
    {
      "mode": "managed",
      "type": "aws_eip",
      "name": "nat",
      "provider": "provider[\"registry.terraform.io/hashicorp/aws\"]",
      "instances": [
        {
          "schema_version": 0,
          "attributes": {
            "address": null,
            "allocation_id": "eipalloc-0a9c7b920a88b393c",
            "arn": "arn:aws:ec2:us-east-1:011528256520:elastic-ip/eipalloc-0a9c7b920a88b393c",
            "associate_with_private_ip": null,
            "association_id": "eipassoc-0a2e3358112c65f7c",
            "carrier_ip": "",
            "customer_owned_ip": "",
            "customer_owned_ipv4_pool": "",
            "domain": "vpc",
            "id": "eipalloc-0a9c7b920a88b393c",
            "instance": "",
            "ipam_pool_id": null,
            "network_border_group": "us-east-1",
            "network_interface": "eni-0d59ce4be53578127",
            "private_dns": "ip-10-0-1-154.ec2.internal",
            "private_ip": "10.0.1.154",
            "ptr_record": "",
            "public_dns": "ec2-54-80-205-168.compute-1.amazonaws.com",
            "public_ip": "54.80.205.168",
            "public_ipv4_pool": "amazon",
            "tags": {},
            "tags_all": {},
            "timeouts": null,
            "vpc": true
          },
          "sensitive_attributes": [],
          "private": "eyJlMmJmYjczMC1lY2FhLTExZTYtOGY4OC0zNDM2M2JjN2M0YzAiOnsiZGVsZXRlIjoxODAwMDAwMDAwMDAsInJlYWQiOjkwMDAwMDAwMDAwMCwidXBkYXRlIjozMDAwMDAwMDAwMDB9fQ=="
        }
      ]
    },
    {
      "mode": "managed",
      "type": "aws_instance",
      "name": "amazon_linux",
      "provider": "provider[\"registry.terraform.io/hashicorp/aws\"]",
      "instances": [
        {
          "schema_version": 1,
          "attributes": {
            "ami": "ami-01e3c4a339a264cc9",
            "arn": "arn:aws:ec2:us-east-1:011528256520:instance/i-08c7ad65f3d427853",
            "associate_public_ip_address": true,
            "availability_zone": "us-east-1a",
            "capacity_reservation_specification": [
              {
                "capacity_reservation_preference": "open",
                "capacity_reservation_target": []
              }
            ],
            "cpu_core_count": 1,
            "cpu_options": [
              {
                "amd_sev_snp": "",
                "core_count": 1,
                "threads_per_core": 1
              }
            ],
            "cpu_threads_per_core": 1,
            "credit_specification": [
              {
                "cpu_credits": "standard"
              }
            ],
            "disable_api_stop": false,
            "disable_api_termination": false,
            "ebs_block_device": [],
            "ebs_optimized": false,
            "enclave_options": [
              {
                "enabled": false
              }
            ],
            "ephemeral_block_device": [],
            "get_password_data": false,
            "hibernation": false,
            "host_id": "",
            "host_resource_group_arn": null,
            "iam_instance_profile": "",
            "id": "i-08c7ad65f3d427853",
            "instance_initiated_shutdown_behavior": "stop",
            "instance_lifecycle": "",
            "instance_market_options": [],
            "instance_state": "running",
            "instance_type": "t2.micro",
            "ipv6_address_count": 0,
            "ipv6_addresses": [],
            "key_name": "VEXPENSES-Rodrigo_Ascencao-key",
            "launch_template": [],
            "maintenance_options": [
              {
                "auto_recovery": "default"
              }
            ],
            "metadata_options": [
              {
                "http_endpoint": "enabled",
                "http_protocol_ipv6": "disabled",
                "http_put_response_hop_limit": 1,
                "http_tokens": "optional",
                "instance_metadata_tags": "disabled"
              }
            ],
            "monitoring": false,
            "network_interface": [],
            "outpost_arn": "",
            "password_data": "",
            "placement_group": "",
            "placement_partition_number": 0,
            "primary_network_interface_id": "eni-0ad26471a64bb4365",
            "private_dns": "ip-10-0-1-216.ec2.internal",
            "private_dns_name_options": [
              {
                "enable_resource_name_dns_a_record": false,
                "enable_resource_name_dns_aaaa_record": false,
                "hostname_type": "ip-name"
              }
            ],
            "private_ip": "10.0.1.216",
            "public_dns": "ec2-54-210-80-109.compute-1.amazonaws.com",
            "public_ip": "54.210.80.109",
            "root_block_device": [
              {
                "delete_on_termination": true,
                "device_name": "/dev/xvda",
                "encrypted": false,
                "iops": 100,
                "kms_key_id": "",
                "tags": null,
                "tags_all": {},
                "throughput": 0,
                "volume_id": "vol-00ffe9e2140416c5a",
                "volume_size": 20,
                "volume_type": "gp2"
              }
            ],
            "secondary_private_ips": [],
            "security_groups": [
              "sg-08fb46ee566380c44"
            ],
            "source_dest_check": true,
            "spot_instance_request_id": "",
            "subnet_id": "subnet-079e093796cfcd668",
            "tags": {
              "Name": "VEXPENSES-Rodrigo_Ascencao-ec2"
            },
            "tags_all": {
              "Name": "VEXPENSES-Rodrigo_Ascencao-ec2"
            },
            "tenancy": "default",
            "timeouts": null,
            "user_data": "e833efdbb232f77ad8e556212021d4e19c373d33",
            "user_data_base64": null,
            "user_data_replace_on_change": false,
            "volume_tags": null,
            "vpc_security_group_ids": [
              "sg-08fb46ee566380c44"
            ]
          },
          "sensitive_attributes": [],
          "private": "eyJlMmJmYjczMC1lY2FhLTExZTYtOGY4OC0zNDM2M2JjN2M0YzAiOnsiY3JlYXRlIjo2MDAwMDAwMDAwMDAsImRlbGV0ZSI6MTIwMDAwMDAwMDAwMCwicmVhZCI6OTAwMDAwMDAwMDAwLCJ1cGRhdGUiOjYwMDAwMDAwMDAwMH0sInNjaGVtYV92ZXJzaW9uIjoiMSJ9",
          "dependencies": [
            "aws_key_pair.ec2_key_pair",
            "aws_security_group.main_sg",
            "aws_subnet.public_subnet",
            "aws_vpc.main_vpc",
            "data.aws_ami.amazon_linux",
            "tls_private_key.ec2_key"
          ]
        }
      ]
    },
    {
      "mode": "managed",
      "type": "aws_internet_gateway",
      "name": "main_igw",
      "provider": "provider[\"registry.terraform.io/hashicorp/aws\"]",
      "instances": [
        {
          "schema_version": 0,
          "attributes": {
            "arn": "arn:aws:ec2:us-east-1:011528256520:internet-gateway/igw-0b9347b44bf9d71bc",
            "id": "igw-0b9347b44bf9d71bc",
            "owner_id": "011528256520",
            "tags": {
              "Name": "VEXPENSES-Rodrigo_Ascencao-igw"
            },
            "tags_all": {
              "Name": "VEXPENSES-Rodrigo_Ascencao-igw"
            },
            "timeouts": null,
            "vpc_id": "vpc-0b028e00a8a2bc0e7"
          },
          "sensitive_attributes": [],
          "private": "eyJlMmJmYjczMC1lY2FhLTExZTYtOGY4OC0zNDM2M2JjN2M0YzAiOnsiY3JlYXRlIjoxMjAwMDAwMDAwMDAwLCJkZWxldGUiOjEyMDAwMDAwMDAwMDAsInVwZGF0ZSI6MTIwMDAwMDAwMDAwMH19",
          "dependencies": [
            "aws_vpc.main_vpc"
          ]
        }
      ]
    },
    {
      "mode": "managed",
      "type": "aws_key_pair",
      "name": "ec2_key_pair",
      "provider": "provider[\"registry.terraform.io/hashicorp/aws\"]",
      "instances": [
        {
          "schema_version": 1,
          "attributes": {
            "arn": "arn:aws:ec2:us-east-1:011528256520:key-pair/VEXPENSES-Rodrigo_Ascencao-key",
            "fingerprint": "99:f8:8d:4d:97:4e:f0:04:6d:f5:53:a6:04:e8:10:d2",
            "id": "VEXPENSES-Rodrigo_Ascencao-key",
            "key_name": "VEXPENSES-Rodrigo_Ascencao-key",
            "key_name_prefix": "",
            "key_pair_id": "key-08dd7369ff91bed39",
            "key_type": "rsa",
            "public_key": "ssh-rsa AAAAB3NzaC1yc2EAAAADAQABAAABAQDYy0/KGKsJ/1fSUNWA6ucmgCl9GoSscsI0MQC2MCh3mSeIbe3f/lClsTf1RlmzOhJxGJhLppMqAbkcyvgmCDP69rEFHyYNM61pQDYluB+FsT2DTo9FfenmA7Ewat6hG+4BuJGVbco81UKcATEGL3l+qzN8TwhzetEKirA3ZgZAYi2z/TuUY5qklk0ysKXDQmEQWA3avxxtlLzD5bghUG9CWfb7R4UD8YlHTSHqYXZFbr4vaAx1ZIgqd3+LZBWtgp8w7Xu2RODTbfuo4cAI2YJOyE8L9BK6G+GXHyh7nMHwVvE8vwZMRKb0AfXRFQbJYugImYJjTnOuc2bhzqsh6EHj",
            "tags": {},
            "tags_all": {}
          },
          "sensitive_attributes": [],
          "private": "eyJzY2hlbWFfdmVyc2lvbiI6IjEifQ==",
          "dependencies": [
            "tls_private_key.ec2_key"
          ]
        }
      ]
    },
    {
      "mode": "managed",
      "type": "aws_nat_gateway",
      "name": "main_nat",
      "provider": "provider[\"registry.terraform.io/hashicorp/aws\"]",
      "instances": [
        {
          "schema_version": 0,
          "attributes": {
            "allocation_id": "eipalloc-0a9c7b920a88b393c",
            "association_id": "eipassoc-0a2e3358112c65f7c",
            "connectivity_type": "public",
            "id": "nat-04e1a732571a9de3e",
            "network_interface_id": "eni-0d59ce4be53578127",
            "private_ip": "10.0.1.154",
            "public_ip": "54.80.205.168",
            "secondary_allocation_ids": [],
            "secondary_private_ip_address_count": 0,
            "secondary_private_ip_addresses": [],
            "subnet_id": "subnet-079e093796cfcd668",
            "tags": {},
            "tags_all": {},
            "timeouts": null
          },
          "sensitive_attributes": [],
          "private": "eyJlMmJmYjczMC1lY2FhLTExZTYtOGY4OC0zNDM2M2JjN2M0YzAiOnsiY3JlYXRlIjo2MDAwMDAwMDAwMDAsImRlbGV0ZSI6MTgwMDAwMDAwMDAwMCwidXBkYXRlIjo2MDAwMDAwMDAwMDB9fQ==",
          "dependencies": [
            "aws_eip.nat",
            "aws_subnet.public_subnet",
            "aws_vpc.main_vpc"
          ]
        }
      ]
    },
    {
      "mode": "managed",
      "type": "aws_route",
      "name": "private_route",
      "provider": "provider[\"registry.terraform.io/hashicorp/aws\"]",
      "instances": [
        {
          "schema_version": 0,
          "attributes": {
            "carrier_gateway_id": "",
            "core_network_arn": "",
            "destination_cidr_block": "0.0.0.0/0",
            "destination_ipv6_cidr_block": "",
            "destination_prefix_list_id": "",
            "egress_only_gateway_id": "",
            "gateway_id": "",
            "id": "r-rtb-06cab6c13582b8c061080289494",
            "instance_id": "",
            "instance_owner_id": "",
            "local_gateway_id": "",
            "nat_gateway_id": "nat-04e1a732571a9de3e",
            "network_interface_id": "",
            "origin": "CreateRoute",
            "route_table_id": "rtb-06cab6c13582b8c06",
            "state": "active",
            "timeouts": null,
            "transit_gateway_id": "",
            "vpc_endpoint_id": "",
            "vpc_peering_connection_id": ""
          },
          "sensitive_attributes": [],
          "private": "eyJlMmJmYjczMC1lY2FhLTExZTYtOGY4OC0zNDM2M2JjN2M0YzAiOnsiY3JlYXRlIjozMDAwMDAwMDAwMDAsImRlbGV0ZSI6MzAwMDAwMDAwMDAwLCJ1cGRhdGUiOjEyMDAwMDAwMDAwMH19",
          "dependencies": [
            "aws_eip.nat",
            "aws_nat_gateway.main_nat",
            "aws_route_table.private_route_table",
            "aws_subnet.public_subnet",
            "aws_vpc.main_vpc"
          ]
        }
      ]
    },
    {
      "mode": "managed",
      "type": "aws_route_table",
      "name": "private_route_table",
      "provider": "provider[\"registry.terraform.io/hashicorp/aws\"]",
      "instances": [
        {
          "schema_version": 0,
          "attributes": {
            "arn": "arn:aws:ec2:us-east-1:011528256520:route-table/rtb-06cab6c13582b8c06",
            "id": "rtb-06cab6c13582b8c06",
            "owner_id": "011528256520",
            "propagating_vgws": [],
            "route": [
              {
                "carrier_gateway_id": "",
                "cidr_block": "0.0.0.0/0",
                "core_network_arn": "",
                "destination_prefix_list_id": "",
                "egress_only_gateway_id": "",
                "gateway_id": "",
                "ipv6_cidr_block": "",
                "local_gateway_id": "",
                "nat_gateway_id": "nat-04e1a732571a9de3e",
                "network_interface_id": "",
                "transit_gateway_id": "",
                "vpc_endpoint_id": "",
                "vpc_peering_connection_id": ""
              }
            ],
            "tags": {
              "Name": "VEXPENSES-Rodrigo_Ascencao-private_route_table"
            },
            "tags_all": {
              "Name": "VEXPENSES-Rodrigo_Ascencao-private_route_table"
            },
            "timeouts": null,
            "vpc_id": "vpc-0b028e00a8a2bc0e7"
          },
          "sensitive_attributes": [],
          "private": "eyJlMmJmYjczMC1lY2FhLTExZTYtOGY4OC0zNDM2M2JjN2M0YzAiOnsiY3JlYXRlIjozMDAwMDAwMDAwMDAsImRlbGV0ZSI6MzAwMDAwMDAwMDAwLCJ1cGRhdGUiOjEyMDAwMDAwMDAwMH19",
          "dependencies": [
            "aws_vpc.main_vpc"
          ]
        }
      ]
    },
    {
      "mode": "managed",
      "type": "aws_route_table",
      "name": "public_route_table",
      "provider": "provider[\"registry.terraform.io/hashicorp/aws\"]",
      "instances": [
        {
          "schema_version": 0,
          "attributes": {
            "arn": "arn:aws:ec2:us-east-1:011528256520:route-table/rtb-030a853f00bf9052c",
            "id": "rtb-030a853f00bf9052c",
            "owner_id": "011528256520",
            "propagating_vgws": [],
            "route": [
              {
                "carrier_gateway_id": "",
                "cidr_block": "0.0.0.0/0",
                "core_network_arn": "",
                "destination_prefix_list_id": "",
                "egress_only_gateway_id": "",
                "gateway_id": "igw-0b9347b44bf9d71bc",
                "ipv6_cidr_block": "",
                "local_gateway_id": "",
                "nat_gateway_id": "",
                "network_interface_id": "",
                "transit_gateway_id": "",
                "vpc_endpoint_id": "",
                "vpc_peering_connection_id": ""
              }
            ],
            "tags": {
              "Name": "VEXPENSES-Rodrigo_Ascencao-route_table"
            },
            "tags_all": {
              "Name": "VEXPENSES-Rodrigo_Ascencao-route_table"
            },
            "timeouts": null,
            "vpc_id": "vpc-0b028e00a8a2bc0e7"
          },
          "sensitive_attributes": [],
          "private": "eyJlMmJmYjczMC1lY2FhLTExZTYtOGY4OC0zNDM2M2JjN2M0YzAiOnsiY3JlYXRlIjozMDAwMDAwMDAwMDAsImRlbGV0ZSI6MzAwMDAwMDAwMDAwLCJ1cGRhdGUiOjEyMDAwMDAwMDAwMH19",
          "dependencies": [
            "aws_internet_gateway.main_igw",
            "aws_vpc.main_vpc"
          ]
        }
      ]
    },
    {
      "mode": "managed",
      "type": "aws_route_table_association",
      "name": "private_route_table_association",
      "provider": "provider[\"registry.terraform.io/hashicorp/aws\"]",
      "instances": [
        {
          "schema_version": 0,
          "attributes": {
            "gateway_id": "",
            "id": "rtbassoc-04d2e581c7193ed14",
            "route_table_id": "rtb-06cab6c13582b8c06",
            "subnet_id": "subnet-00462d3fb08ff68b8",
            "timeouts": null
          },
          "sensitive_attributes": [],
          "private": "eyJlMmJmYjczMC1lY2FhLTExZTYtOGY4OC0zNDM2M2JjN2M0YzAiOnsiY3JlYXRlIjozMDAwMDAwMDAwMDAsImRlbGV0ZSI6MzAwMDAwMDAwMDAwLCJ1cGRhdGUiOjEyMDAwMDAwMDAwMH19",
          "dependencies": [
            "aws_route_table.private_route_table",
            "aws_subnet.private_subnet",
            "aws_vpc.main_vpc"
          ]
        }
      ]
    },
    {
      "mode": "managed",
      "type": "aws_route_table_association",
      "name": "public_route_table_association",
      "provider": "provider[\"registry.terraform.io/hashicorp/aws\"]",
      "instances": [
        {
          "schema_version": 0,
          "attributes": {
            "gateway_id": "",
            "id": "rtbassoc-001b18681624c3fab",
            "route_table_id": "rtb-030a853f00bf9052c",
            "subnet_id": "subnet-079e093796cfcd668",
            "timeouts": null
          },
          "sensitive_attributes": [],
          "private": "eyJlMmJmYjczMC1lY2FhLTExZTYtOGY4OC0zNDM2M2JjN2M0YzAiOnsiY3JlYXRlIjozMDAwMDAwMDAwMDAsImRlbGV0ZSI6MzAwMDAwMDAwMDAwLCJ1cGRhdGUiOjEyMDAwMDAwMDAwMH19",
          "dependencies": [
            "aws_internet_gateway.main_igw",
            "aws_route_table.public_route_table",
            "aws_subnet.public_subnet",
            "aws_vpc.main_vpc"
          ]
        }
      ]
    },
    {
      "mode": "managed",
      "type": "aws_security_group",
      "name": "main_sg",
      "provider": "provider[\"registry.terraform.io/hashicorp/aws\"]",
      "instances": [
        {
          "schema_version": 1,
          "attributes": {
            "arn": "arn:aws:ec2:us-east-1:011528256520:security-group/sg-08fb46ee566380c44",
            "description": "Allow SSH from my machine and all outbound traffic",
            "egress": [
              {
                "cidr_blocks": [
                  "0.0.0.0/0"
                ],
                "description": "Allow all outbound traffic",
                "from_port": 0,
                "ipv6_cidr_blocks": [],
                "prefix_list_ids": [],
                "protocol": "-1",
                "security_groups": [],
                "self": false,
                "to_port": 0
              }
            ],
            "id": "sg-08fb46ee566380c44",
            "ingress": [
              {
                "cidr_blocks": [
                  "179.158.96.234/32"
                ],
                "description": "Allow SSH from my IP",
                "from_port": 22,
                "ipv6_cidr_blocks": [],
                "prefix_list_ids": [],
                "protocol": "tcp",
                "security_groups": [],
                "self": false,
                "to_port": 22
              }
            ],
            "name": "VEXPENSES-Rodrigo_Ascencao-sg",
            "name_prefix": "",
            "owner_id": "011528256520",
            "revoke_rules_on_delete": false,
            "tags": {
              "Name": "VEXPENSES-Rodrigo_Ascencao-sg"
            },
            "tags_all": {
              "Name": "VEXPENSES-Rodrigo_Ascencao-sg"
            },
            "timeouts": null,
            "vpc_id": "vpc-0b028e00a8a2bc0e7"
          },
          "sensitive_attributes": [],
          "private": "eyJlMmJmYjczMC1lY2FhLTExZTYtOGY4OC0zNDM2M2JjN2M0YzAiOnsiY3JlYXRlIjo2MDAwMDAwMDAwMDAsImRlbGV0ZSI6OTAwMDAwMDAwMDAwfSwic2NoZW1hX3ZlcnNpb24iOiIxIn0="
        }
      ]
    },
    {
      "mode": "managed",
      "type": "aws_subnet",
      "name": "private_subnet",
      "provider": "provider[\"registry.terraform.io/hashicorp/aws\"]",
      "instances": [
        {
          "schema_version": 1,
          "attributes": {
            "arn": "arn:aws:ec2:us-east-1:011528256520:subnet/subnet-00462d3fb08ff68b8",
            "assign_ipv6_address_on_creation": false,
            "availability_zone": "us-east-1a",
            "availability_zone_id": "use1-az6",
            "cidr_block": "10.0.2.0/24",
            "customer_owned_ipv4_pool": "",
            "enable_dns64": false,
            "enable_lni_at_device_index": 0,
            "enable_resource_name_dns_a_record_on_launch": false,
            "enable_resource_name_dns_aaaa_record_on_launch": false,
            "id": "subnet-00462d3fb08ff68b8",
            "ipv6_cidr_block": "",
            "ipv6_cidr_block_association_id": "",
            "ipv6_native": false,
            "map_customer_owned_ip_on_launch": false,
            "map_public_ip_on_launch": false,
            "outpost_arn": "",
            "owner_id": "011528256520",
            "private_dns_hostname_type_on_launch": "ip-name",
            "tags": {
              "Name": "VEXPENSES-Rodrigo_Ascencao-private-subnet"
            },
            "tags_all": {
              "Name": "VEXPENSES-Rodrigo_Ascencao-private-subnet"
            },
            "timeouts": null,
            "vpc_id": "vpc-0b028e00a8a2bc0e7"
          },
          "sensitive_attributes": [],
          "private": "eyJlMmJmYjczMC1lY2FhLTExZTYtOGY4OC0zNDM2M2JjN2M0YzAiOnsiY3JlYXRlIjo2MDAwMDAwMDAwMDAsImRlbGV0ZSI6MTIwMDAwMDAwMDAwMH0sInNjaGVtYV92ZXJzaW9uIjoiMSJ9",
          "dependencies": [
            "aws_vpc.main_vpc"
          ]
        }
      ]
    },
    {
      "mode": "managed",
      "type": "aws_subnet",
      "name": "public_subnet",
      "provider": "provider[\"registry.terraform.io/hashicorp/aws\"]",
      "instances": [
        {
          "schema_version": 1,
          "attributes": {
            "arn": "arn:aws:ec2:us-east-1:011528256520:subnet/subnet-079e093796cfcd668",
            "assign_ipv6_address_on_creation": false,
            "availability_zone": "us-east-1a",
            "availability_zone_id": "use1-az6",
            "cidr_block": "10.0.1.0/24",
            "customer_owned_ipv4_pool": "",
            "enable_dns64": false,
            "enable_lni_at_device_index": 0,
            "enable_resource_name_dns_a_record_on_launch": false,
            "enable_resource_name_dns_aaaa_record_on_launch": false,
            "id": "subnet-079e093796cfcd668",
            "ipv6_cidr_block": "",
            "ipv6_cidr_block_association_id": "",
            "ipv6_native": false,
            "map_customer_owned_ip_on_launch": false,
            "map_public_ip_on_launch": true,
            "outpost_arn": "",
            "owner_id": "011528256520",
            "private_dns_hostname_type_on_launch": "ip-name",
            "tags": {
              "Name": "VEXPENSES-Rodrigo_Ascencao-public-subnet"
            },
            "tags_all": {
              "Name": "VEXPENSES-Rodrigo_Ascencao-public-subnet"
            },
            "timeouts": null,
            "vpc_id": "vpc-0b028e00a8a2bc0e7"
          },
          "sensitive_attributes": [],
          "private": "eyJlMmJmYjczMC1lY2FhLTExZTYtOGY4OC0zNDM2M2JjN2M0YzAiOnsiY3JlYXRlIjo2MDAwMDAwMDAwMDAsImRlbGV0ZSI6MTIwMDAwMDAwMDAwMH0sInNjaGVtYV92ZXJzaW9uIjoiMSJ9",
          "dependencies": [
            "aws_vpc.main_vpc"
          ]
        }
      ]
    },
    {
      "mode": "managed",
      "type": "aws_vpc",
      "name": "main_vpc",
      "provider": "provider[\"registry.terraform.io/hashicorp/aws\"]",
      "instances": [
        {
          "schema_version": 1,
          "attributes": {
            "arn": "arn:aws:ec2:us-east-1:011528256520:vpc/vpc-0b028e00a8a2bc0e7",
            "assign_generated_ipv6_cidr_block": false,
            "cidr_block": "10.0.0.0/16",
            "default_network_acl_id": "acl-01f556750e43ed459",
            "default_route_table_id": "rtb-01e5e4998a0e035df",
            "default_security_group_id": "sg-02c9ca38a13c47943",
            "dhcp_options_id": "dopt-013205c19f4cf9cc2",
            "enable_dns_hostnames": true,
            "enable_dns_support": true,
            "enable_network_address_usage_metrics": false,
            "id": "vpc-0b028e00a8a2bc0e7",
            "instance_tenancy": "default",
            "ipv4_ipam_pool_id": null,
            "ipv4_netmask_length": null,
            "ipv6_association_id": "",
            "ipv6_cidr_block": "",
            "ipv6_cidr_block_network_border_group": "",
            "ipv6_ipam_pool_id": "",
            "ipv6_netmask_length": 0,
            "main_route_table_id": "rtb-01e5e4998a0e035df",
            "owner_id": "011528256520",
            "tags": {
              "Name": "VEXPENSES-Rodrigo_Ascencao-vpc"
            },
            "tags_all": {
              "Name": "VEXPENSES-Rodrigo_Ascencao-vpc"
            }
          },
          "sensitive_attributes": [],
          "private": "eyJzY2hlbWFfdmVyc2lvbiI6IjEifQ=="
        }
      ]
    },
    {
      "mode": "managed",
      "type": "local_file",
      "name": "private_key",
      "provider": "provider[\"registry.terraform.io/hashicorp/local\"]",
      "instances": [
        {
          "schema_version": 0,
          "attributes": {
            "content": "-----BEGIN RSA PRIVATE KEY-----\nMIIEpQIBAAKCAQEA2MtPyhirCf9X0lDVgOrnJoApfRqErHLCNDEAtjAod5kniG3t\n3/5QpbE39UZZszoScRiYS6aTKgG5HMr4Jggz+vaxBR8mDTOtaUA2JbgfhbE9g06P\nRX3p5gOxMGreoRvuAbiRlW3KPNVCnAExBi95fqszfE8Ic3rRCoqwN2YGQGIts/07\nlGOapJZNMrClw0JhEFgN2r8cbZS8w+W4IVBvQln2+0eFA/GJR00h6mF2RW6+L2gM\ndWSIKnd/i2QVrYKfMO17tkTg0237qOHACNmCTshPC/QSuhvhlx8oe5zB8FbxPL8G\nTESm9AH10RUGyWLoCJmCY05zrnNm4c6rIehB4wIDAQABAoIBAQCMZ0AJluhO1Tw/\nTXK4x2lkmeREzYPXW4tC2emoFJBgxKPBy9AfHUmFxbyD8Ufut1FyRYd8lykAL5V/\nfEQx/WYMxu/mbUHrkuhgHeHzk8d2gk9gVuSbEO0GtqVuwgflN31xR+OhbzVnKIa3\nGl5xrxV0X9Q8UcMbZxMzTJbLihvKXZomC91aZ3NZGw4AR6TNcBoDr/wlo3r8gEyF\nGa8lYWdIuvu4lQBfipZhQrA0ek9mpgZrm+IEmK3el0rvqgm8Z0wuo/aT439rK7YN\n8niDRsLhGPwf7QXgkJWcgJ9rgcBBrIkdQu/3nnJiLgpHTeSBDqlP2gJEvgnsNbGb\nuENruh8hAoGBAOg+l+zstoFLGdOFuWku2r6KgTVBhPGhaizMETeGugbg1ajIN4ve\nesjENqsHES3LNNtKS1crYVnONSua39g/IOPE/FDzBJc5qqbzdNgCObFwKsl2aYpF\ni3didRt7M9MgQXGyDwxVC6nHHzQwBFjVU8yNEz42oELo5UFBVUoRuO4FAoGBAO74\nJWCRHRS2ym52C5emAuNsOsbO1lSVbcuM9pEQON4aPDbrq2L1lIkxONvuqWeqnTTK\n5cN/Ero5AQ7fkwVMsh25GIh+JFqX4u2uWnWWDqMm34wLXXqlTsd+ed8vi3uK7zGO\nVIH432vo0vN9QuL9CfRJcXT9IFzDh++HLcxBMwzHAoGAdyH0qPJcREKUAu8rxwrj\n5q4BzaHIYnKcllIv2r3fmzumHihmZfdAINCWAnFjnIwKlxqrPxHfpEOk/rM5dCId\n6vjXPWcLyc8o/O8R1uR9V8nkCOgXB3jZK+pzjB9M3FZFe98M3RSbIQIlvY2MDU2Q\n6PLNFjLLTsdNIoYzDAW/SUkCgYEAicxfyUqEiXBKVN4PGzhoi/nZ/tBAuW+da3Xy\nrH29PR3FwSmun5bbOy0+C1yZJSU2F740NcIt62J5oLj9j13Fi+wzIGoUzoStH7+d\nfBa2hBAjch8PnWx7fAALiM5i0S+xdFMNmhEHzLLqCeweSMP/HHXJTdu08Kjz1wSN\nPS4PoPsCgYEA2g7Yd0gS5WuJTdg3MPQXmPYp43s+/qt6XpRO7cpJZLeXrvbFUEM+\nkqJYadNPRfeqqPbsmoPdx3eOoHAR8NFlARe9/qzH946lN4XWSCRxSaF3E7zGYO32\nHF7ZKuBjJl/DwAxlFv0/mPUvU+UZ3W8nliAOkYXyOxdIms5rHmcNIhg=\n-----END RSA PRIVATE KEY-----\n",
            "content_base64": null,
            "content_base64sha256": "b061SrYeGQ739CPCv3xy3tcQFSUdaY3QDcmenB/jb3A=",
            "content_base64sha512": "FQqSovPIWDgdYT5A+Ai78Cp8WSzd2dFas4jxwPf8KU8DptoBzF72uYe2Sk/Cl330PZOh1VxGaI4f0HLHQ1OjeA==",
            "content_md5": "758e1a376701d47013256709b08efbf4",
            "content_sha1": "2a7879b3d4e3ff69990ae9baedc59683de98fd3f",
            "content_sha256": "6f4eb54ab61e190ef7f423c2bf7c72ded71015251d698dd00dc99e9c1fe36f70",
            "content_sha512": "150a92a2f3c858381d613e40f808bbf02a7c592cddd9d15ab388f1c0f7fc294f03a6da01cc5ef6b987b64a4fc2977df43d93a1d55c46688e1fd072c74353a378",
            "directory_permission": "0777",
            "file_permission": "0777",
            "filename": "./my-key.pem",
            "id": "2a7879b3d4e3ff69990ae9baedc59683de98fd3f",
            "sensitive_content": null,
            "source": null
          },
          "sensitive_attributes": [
            [
              {
                "type": "get_attr",
                "value": "sensitive_content"
              }
            ],
            [
              {
                "type": "get_attr",
                "value": "content"
              }
            ]
          ],
          "dependencies": [
            "tls_private_key.ec2_key"
          ]
        }
      ]
    },
    {
      "mode": "managed",
      "type": "tls_private_key",
      "name": "ec2_key",
      "provider": "provider[\"registry.terraform.io/hashicorp/tls\"]",
      "instances": [
        {
          "schema_version": 1,
          "attributes": {
            "algorithm": "RSA",
            "ecdsa_curve": "P224",
            "id": "3e13153bb3b3f93f635c06a11dc6bff5a18f2e37",
            "private_key_openssh": "-----BEGIN OPENSSH PRIVATE KEY-----\nb3BlbnNzaC1rZXktdjEAAAAABG5vbmUAAAAEbm9uZQAAAAAAAAABAAABFwAAAAdz\nc2gtcnNhAAAAAwEAAQAAAQEA2MtPyhirCf9X0lDVgOrnJoApfRqErHLCNDEAtjAo\nd5kniG3t3/5QpbE39UZZszoScRiYS6aTKgG5HMr4Jggz+vaxBR8mDTOtaUA2Jbgf\nhbE9g06PRX3p5gOxMGreoRvuAbiRlW3KPNVCnAExBi95fqszfE8Ic3rRCoqwN2YG\nQGIts/07lGOapJZNMrClw0JhEFgN2r8cbZS8w+W4IVBvQln2+0eFA/GJR00h6mF2\nRW6+L2gMdWSIKnd/i2QVrYKfMO17tkTg0237qOHACNmCTshPC/QSuhvhlx8oe5zB\n8FbxPL8GTESm9AH10RUGyWLoCJmCY05zrnNm4c6rIehB4wAAA7iGRxvMhkcbzAAA\nAAdzc2gtcnNhAAABAQDYy0/KGKsJ/1fSUNWA6ucmgCl9GoSscsI0MQC2MCh3mSeI\nbe3f/lClsTf1RlmzOhJxGJhLppMqAbkcyvgmCDP69rEFHyYNM61pQDYluB+FsT2D\nTo9FfenmA7Ewat6hG+4BuJGVbco81UKcATEGL3l+qzN8TwhzetEKirA3ZgZAYi2z\n/TuUY5qklk0ysKXDQmEQWA3avxxtlLzD5bghUG9CWfb7R4UD8YlHTSHqYXZFbr4v\naAx1ZIgqd3+LZBWtgp8w7Xu2RODTbfuo4cAI2YJOyE8L9BK6G+GXHyh7nMHwVvE8\nvwZMRKb0AfXRFQbJYugImYJjTnOuc2bhzqsh6EHjAAAAAwEAAQAAAQEAjGdACZbo\nTtU8P01yuMdpZJnkRM2D11uLQtnpqBSQYMSjwcvQHx1JhcW8g/FH7rdRckWHfJcp\nAC+Vf3xEMf1mDMbv5m1B65LoYB3h85PHdoJPYFbkmxDtBralbsIH5Td9cUfjoW81\nZyiGtxpeca8VdF/UPFHDG2cTM0yWy4obyl2aJgvdWmdzWRsOAEekzXAaA6/8JaN6\n/IBMhRmvJWFnSLr7uJUAX4qWYUKwNHpPZqYGa5viBJit3pdK76oJvGdMLqP2k+N/\nayu2DfJ4g0bC4Rj8H+0F4JCVnICfa4HAQayJHULv955yYi4KR03kgQ6pT9oCRL4J\n7DWxm7hDa7ofIQAAAIEA2g7Yd0gS5WuJTdg3MPQXmPYp43s+/qt6XpRO7cpJZLeX\nrvbFUEM+kqJYadNPRfeqqPbsmoPdx3eOoHAR8NFlARe9/qzH946lN4XWSCRxSaF3\nE7zGYO32HF7ZKuBjJl/DwAxlFv0/mPUvU+UZ3W8nliAOkYXyOxdIms5rHmcNIhgA\nAACBAOg+l+zstoFLGdOFuWku2r6KgTVBhPGhaizMETeGugbg1ajIN4veesjENqsH\nES3LNNtKS1crYVnONSua39g/IOPE/FDzBJc5qqbzdNgCObFwKsl2aYpFi3didRt7\nM9MgQXGyDwxVC6nHHzQwBFjVU8yNEz42oELo5UFBVUoRuO4FAAAAgQDu+CVgkR0U\ntspudguXpgLjbDrGztZUlW3LjPaREDjeGjw266ti9ZSJMTjb7qlnqp00yuXDfxK6\nOQEO35MFTLIduRiIfiRal+Ltrlp1lg6jJt+MC116pU7HfnnfL4t7iu8xjlSB+N9r\n6NLzfULi/Qn0SXF0/SBcw4fvhy3MQTMMxwAAAAAB\n-----END OPENSSH PRIVATE KEY-----\n",
            "private_key_pem": "-----BEGIN RSA PRIVATE KEY-----\nMIIEpQIBAAKCAQEA2MtPyhirCf9X0lDVgOrnJoApfRqErHLCNDEAtjAod5kniG3t\n3/5QpbE39UZZszoScRiYS6aTKgG5HMr4Jggz+vaxBR8mDTOtaUA2JbgfhbE9g06P\nRX3p5gOxMGreoRvuAbiRlW3KPNVCnAExBi95fqszfE8Ic3rRCoqwN2YGQGIts/07\nlGOapJZNMrClw0JhEFgN2r8cbZS8w+W4IVBvQln2+0eFA/GJR00h6mF2RW6+L2gM\ndWSIKnd/i2QVrYKfMO17tkTg0237qOHACNmCTshPC/QSuhvhlx8oe5zB8FbxPL8G\nTESm9AH10RUGyWLoCJmCY05zrnNm4c6rIehB4wIDAQABAoIBAQCMZ0AJluhO1Tw/\nTXK4x2lkmeREzYPXW4tC2emoFJBgxKPBy9AfHUmFxbyD8Ufut1FyRYd8lykAL5V/\nfEQx/WYMxu/mbUHrkuhgHeHzk8d2gk9gVuSbEO0GtqVuwgflN31xR+OhbzVnKIa3\nGl5xrxV0X9Q8UcMbZxMzTJbLihvKXZomC91aZ3NZGw4AR6TNcBoDr/wlo3r8gEyF\nGa8lYWdIuvu4lQBfipZhQrA0ek9mpgZrm+IEmK3el0rvqgm8Z0wuo/aT439rK7YN\n8niDRsLhGPwf7QXgkJWcgJ9rgcBBrIkdQu/3nnJiLgpHTeSBDqlP2gJEvgnsNbGb\nuENruh8hAoGBAOg+l+zstoFLGdOFuWku2r6KgTVBhPGhaizMETeGugbg1ajIN4ve\nesjENqsHES3LNNtKS1crYVnONSua39g/IOPE/FDzBJc5qqbzdNgCObFwKsl2aYpF\ni3didRt7M9MgQXGyDwxVC6nHHzQwBFjVU8yNEz42oELo5UFBVUoRuO4FAoGBAO74\nJWCRHRS2ym52C5emAuNsOsbO1lSVbcuM9pEQON4aPDbrq2L1lIkxONvuqWeqnTTK\n5cN/Ero5AQ7fkwVMsh25GIh+JFqX4u2uWnWWDqMm34wLXXqlTsd+ed8vi3uK7zGO\nVIH432vo0vN9QuL9CfRJcXT9IFzDh++HLcxBMwzHAoGAdyH0qPJcREKUAu8rxwrj\n5q4BzaHIYnKcllIv2r3fmzumHihmZfdAINCWAnFjnIwKlxqrPxHfpEOk/rM5dCId\n6vjXPWcLyc8o/O8R1uR9V8nkCOgXB3jZK+pzjB9M3FZFe98M3RSbIQIlvY2MDU2Q\n6PLNFjLLTsdNIoYzDAW/SUkCgYEAicxfyUqEiXBKVN4PGzhoi/nZ/tBAuW+da3Xy\nrH29PR3FwSmun5bbOy0+C1yZJSU2F740NcIt62J5oLj9j13Fi+wzIGoUzoStH7+d\nfBa2hBAjch8PnWx7fAALiM5i0S+xdFMNmhEHzLLqCeweSMP/HHXJTdu08Kjz1wSN\nPS4PoPsCgYEA2g7Yd0gS5WuJTdg3MPQXmPYp43s+/qt6XpRO7cpJZLeXrvbFUEM+\nkqJYadNPRfeqqPbsmoPdx3eOoHAR8NFlARe9/qzH946lN4XWSCRxSaF3E7zGYO32\nHF7ZKuBjJl/DwAxlFv0/mPUvU+UZ3W8nliAOkYXyOxdIms5rHmcNIhg=\n-----END RSA PRIVATE KEY-----\n",
            "private_key_pem_pkcs8": "-----BEGIN PRIVATE KEY-----\nMIIEvwIBADANBgkqhkiG9w0BAQEFAASCBKkwggSlAgEAAoIBAQDYy0/KGKsJ/1fS\nUNWA6ucmgCl9GoSscsI0MQC2MCh3mSeIbe3f/lClsTf1RlmzOhJxGJhLppMqAbkc\nyvgmCDP69rEFHyYNM61pQDYluB+FsT2DTo9FfenmA7Ewat6hG+4BuJGVbco81UKc\nATEGL3l+qzN8TwhzetEKirA3ZgZAYi2z/TuUY5qklk0ysKXDQmEQWA3avxxtlLzD\n5bghUG9CWfb7R4UD8YlHTSHqYXZFbr4vaAx1ZIgqd3+LZBWtgp8w7Xu2RODTbfuo\n4cAI2YJOyE8L9BK6G+GXHyh7nMHwVvE8vwZMRKb0AfXRFQbJYugImYJjTnOuc2bh\nzqsh6EHjAgMBAAECggEBAIxnQAmW6E7VPD9NcrjHaWSZ5ETNg9dbi0LZ6agUkGDE\no8HL0B8dSYXFvIPxR+63UXJFh3yXKQAvlX98RDH9ZgzG7+ZtQeuS6GAd4fOTx3aC\nT2BW5JsQ7Qa2pW7CB+U3fXFH46FvNWcohrcaXnGvFXRf1DxRwxtnEzNMlsuKG8pd\nmiYL3Vpnc1kbDgBHpM1wGgOv/CWjevyATIUZryVhZ0i6+7iVAF+KlmFCsDR6T2am\nBmub4gSYrd6XSu+qCbxnTC6j9pPjf2srtg3yeINGwuEY/B/tBeCQlZyAn2uBwEGs\niR1C7/eecmIuCkdN5IEOqU/aAkS+Cew1sZu4Q2u6HyECgYEA6D6X7Oy2gUsZ04W5\naS7avoqBNUGE8aFqLMwRN4a6BuDVqMg3i956yMQ2qwcRLcs020pLVythWc41K5rf\n2D8g48T8UPMElzmqpvN02AI5sXAqyXZpikWLd2J1G3sz0yBBcbIPDFULqccfNDAE\nWNVTzI0TPjagQujlQUFVShG47gUCgYEA7vglYJEdFLbKbnYLl6YC42w6xs7WVJVt\ny4z2kRA43ho8NuurYvWUiTE42+6pZ6qdNMrlw38SujkBDt+TBUyyHbkYiH4kWpfi\n7a5adZYOoybfjAtdeqVOx3553y+Le4rvMY5Ugfjfa+jS831C4v0J9ElxdP0gXMOH\n74ctzEEzDMcCgYB3IfSo8lxEQpQC7yvHCuPmrgHNochicpyWUi/avd+bO6YeKGZl\n90Ag0JYCcWOcjAqXGqs/Ed+kQ6T+szl0Ih3q+Nc9ZwvJzyj87xHW5H1XyeQI6BcH\neNkr6nOMH0zcVkV73wzdFJshAiW9jYwNTZDo8s0WMstOx00ihjMMBb9JSQKBgQCJ\nzF/JSoSJcEpU3g8bOGiL+dn+0EC5b51rdfKsfb09HcXBKa6flts7LT4LXJklJTYX\nvjQ1wi3rYnmguP2PXcWL7DMgahTOhK0fv518FraEECNyHw+dbHt8AAuIzmLRL7F0\nUw2aEQfMsuoJ7B5Iw/8cdclN27TwqPPXBI09Lg+g+wKBgQDaDth3SBLla4lN2Dcw\n9BeY9injez7+q3pelE7tyklkt5eu9sVQQz6Solhp009F96qo9uyag93Hd46gcBHw\n0WUBF73+rMf3jqU3hdZIJHFJoXcTvMZg7fYcXtkq4GMmX8PADGUW/T+Y9S9T5Rnd\nbyeWIA6RhfI7F0iazmseZw0iGA==\n-----END PRIVATE KEY-----\n",
            "public_key_fingerprint_md5": "71:c0:f3:c3:f4:71:f0:ac:ee:41:1d:ad:d3:0e:8f:67",
            "public_key_fingerprint_sha256": "SHA256:jM2eWQWPqyS6/ktIK+dBSbtRQXWviXs/hq9MRKPrwMY",
            "public_key_openssh": "ssh-rsa AAAAB3NzaC1yc2EAAAADAQABAAABAQDYy0/KGKsJ/1fSUNWA6ucmgCl9GoSscsI0MQC2MCh3mSeIbe3f/lClsTf1RlmzOhJxGJhLppMqAbkcyvgmCDP69rEFHyYNM61pQDYluB+FsT2DTo9FfenmA7Ewat6hG+4BuJGVbco81UKcATEGL3l+qzN8TwhzetEKirA3ZgZAYi2z/TuUY5qklk0ysKXDQmEQWA3avxxtlLzD5bghUG9CWfb7R4UD8YlHTSHqYXZFbr4vaAx1ZIgqd3+LZBWtgp8w7Xu2RODTbfuo4cAI2YJOyE8L9BK6G+GXHyh7nMHwVvE8vwZMRKb0AfXRFQbJYugImYJjTnOuc2bhzqsh6EHj\n",
            "public_key_pem": "-----BEGIN PUBLIC KEY-----\nMIIBIjANBgkqhkiG9w0BAQEFAAOCAQ8AMIIBCgKCAQEA2MtPyhirCf9X0lDVgOrn\nJoApfRqErHLCNDEAtjAod5kniG3t3/5QpbE39UZZszoScRiYS6aTKgG5HMr4Jggz\n+vaxBR8mDTOtaUA2JbgfhbE9g06PRX3p5gOxMGreoRvuAbiRlW3KPNVCnAExBi95\nfqszfE8Ic3rRCoqwN2YGQGIts/07lGOapJZNMrClw0JhEFgN2r8cbZS8w+W4IVBv\nQln2+0eFA/GJR00h6mF2RW6+L2gMdWSIKnd/i2QVrYKfMO17tkTg0237qOHACNmC\nTshPC/QSuhvhlx8oe5zB8FbxPL8GTESm9AH10RUGyWLoCJmCY05zrnNm4c6rIehB\n4wIDAQAB\n-----END PUBLIC KEY-----\n",
            "rsa_bits": 2048
          },
          "sensitive_attributes": [
            [
              {
                "type": "get_attr",
                "value": "private_key_pem_pkcs8"
              }
            ],
            [
              {
                "type": "get_attr",
                "value": "private_key_pem"
              }
            ],
            [
              {
                "type": "get_attr",
                "value": "private_key_openssh"
              }
            ]
          ]
        }
      ]
    }
  ],
  "check_results": null
}
